<?xml version="1.0" encoding="utf-8"?>
<Project xmlns="http://schemas.microsoft.com/developer/msbuild/2003">
  <ItemGroup>
    <Filter Include="Generated Files">
      <UniqueIdentifier>{71ED8ED8-ACB9-4CE9-BBE1-E00B30144E11}</UniqueIdentifier>
      <Extensions>cpp;c;cxx;moc;h;def;odl;idl;res;</Extensions>
    </Filter>
    <Filter Include="Generated Files">
      <UniqueIdentifier>{71ED8ED8-ACB9-4CE9-BBE1-E00B30144E11}</UniqueIdentifier>
      <Extensions>cpp;c;cxx;moc;h;def;odl;idl;res;</Extensions>
    </Filter>
    <Filter Include="Header Files">
      <UniqueIdentifier>{93995380-89BD-4b04-88EB-625FBE52EBFB}</UniqueIdentifier>
      <Extensions>h;hpp;hxx;hm;inl;inc;xsd</Extensions>
    </Filter>
    <Filter Include="Header Files">
      <UniqueIdentifier>{93995380-89BD-4b04-88EB-625FBE52EBFB}</UniqueIdentifier>
      <Extensions>h;hpp;hxx;hm;inl;inc;xsd</Extensions>
    </Filter>
    <Filter Include="Source Files">
      <UniqueIdentifier>{4FC737F1-C7A5-4376-A066-2A32D752A2FF}</UniqueIdentifier>
      <Extensions>cpp;c;cxx;def;odl;idl;hpj;bat;asm;asmx</Extensions>
    </Filter>
    <Filter Include="Source Files">
      <UniqueIdentifier>{4FC737F1-C7A5-4376-A066-2A32D752A2FF}</UniqueIdentifier>
      <Extensions>cpp;c;cxx;def;odl;idl;hpj;bat;asm;asmx</Extensions>
    </Filter>
  </ItemGroup>
  <ItemGroup>
    <ClCompile Include="..\ThirdPartyDependence\PQPLib\BV.cpp">
      <Filter>Source Files</Filter>
    </ClCompile>
    <ClCompile Include="..\ThirdPartyDependence\PQPLib\Build.cpp">
      <Filter>Source Files</Filter>
    </ClCompile>
    <ClCompile Include="..\ThirdPartyDependence\PQPLib\PQP.cpp">
      <Filter>Source Files</Filter>
    </ClCompile>
    <ClCompile Include="PolygenMesh.cpp">
      <Filter>Source Files</Filter>
    </ClCompile>
    <ClCompile Include="QMeshCluster.cpp">
      <Filter>Source Files</Filter>
    </ClCompile>
    <ClCompile Include="QMeshEdge.cpp">
      <Filter>Source Files</Filter>
    </ClCompile>
    <ClCompile Include="QMeshFace.cpp">
      <Filter>Source Files</Filter>
    </ClCompile>
    <ClCompile Include="QMeshNode.cpp">
      <Filter>Source Files</Filter>
    </ClCompile>
    <ClCompile Include="QMeshPatch.cpp">
      <Filter>Source Files</Filter>
    </ClCompile>
    <ClCompile Include="QMeshTetra.cpp">
      <Filter>Source Files</Filter>
    </ClCompile>
    <ClCompile Include="..\ThirdPartyDependence\PQPLib\TriDist.cpp">
      <Filter>Source Files</Filter>
    </ClCompile>
    <ClCompile Include="..\ThirdPartyDependence\QHullLib\geom.cpp">
      <Filter>Source Files</Filter>
    </ClCompile>
    <ClCompile Include="..\ThirdPartyDependence\QHullLib\geom2.cpp">
      <Filter>Source Files</Filter>
    </ClCompile>
    <ClCompile Include="..\ThirdPartyDependence\QHullLib\global.cpp">
      <Filter>Source Files</Filter>
    </ClCompile>
    <ClCompile Include="..\ThirdPartyDependence\QHullLib\io.cpp">
      <Filter>Source Files</Filter>
    </ClCompile>
    <ClCompile Include="..\ThirdPartyDependence\QHullLib\men.cpp">
      <Filter>Source Files</Filter>
    </ClCompile>
    <ClCompile Include="..\ThirdPartyDependence\QHullLib\merge.cpp">
      <Filter>Source Files</Filter>
    </ClCompile>
    <ClCompile Include="..\ThirdPartyDependence\QHullLib\poly.cpp">
      <Filter>Source Files</Filter>
    </ClCompile>
    <ClCompile Include="..\ThirdPartyDependence\QHullLib\poly2.cpp">
      <Filter>Source Files</Filter>
    </ClCompile>
    <ClCompile Include="..\ThirdPartyDependence\QHullLib\qconvex.cpp">
      <Filter>Source Files</Filter>
    </ClCompile>
    <ClCompile Include="..\ThirdPartyDependence\QHullLib\qhull.cpp">
      <Filter>Source Files</Filter>
    </ClCompile>
    <ClCompile Include="..\ThirdPartyDependence\QHullLib\qset.cpp">
      <Filter>Source Files</Filter>
    </ClCompile>
    <ClCompile Include="..\ThirdPartyDependence\QHullLib\rbox.cpp">
      <Filter>Source Files</Filter>
    </ClCompile>
    <ClCompile Include="..\ThirdPartyDependence\QHullLib\stat.cpp">
      <Filter>Source Files</Filter>
    </ClCompile>
    <ClCompile Include="..\ThirdPartyDependence\QHullLib\user.cpp">
      <Filter>Source Files</Filter>
    </ClCompile>
  </ItemGroup>
  <ItemGroup>
    <ClInclude Include="..\ThirdPartyDependence\PQPLib\BV.h">
      <Filter>Header Files</Filter>
    </ClInclude>
    <ClInclude Include="..\ThirdPartyDependence\PQPLib\BVTQ.h">
      <Filter>Header Files</Filter>
    </ClInclude>
    <ClInclude Include="..\ThirdPartyDependence\PQPLib\Build.h">
      <Filter>Header Files</Filter>
    </ClInclude>
    <ClInclude Include="..\ThirdPartyDependence\PQPLib\GetTime.h">
      <Filter>Header Files</Filter>
    </ClInclude>
    <ClInclude Include="..\ThirdPartyDependence\PQPLib\MatVec.h">
      <Filter>Header Files</Filter>
    </ClInclude>
    <ClInclude Include="..\ThirdPartyDependence\PQPLib\OBB_Disjoint.h">
      <Filter>Header Files</Filter>
    </ClInclude>
    <ClInclude Include="..\ThirdPartyDependence\PQPLib\PQP.h">
      <Filter>Header Files</Filter>
    </ClInclude>
    <ClInclude Include="..\ThirdPartyDependence\PQPLib\PQP_Compile.h">
      <Filter>Header Files</Filter>
    </ClInclude>
    <ClInclude Include="..\ThirdPartyDependence\PQPLib\PQP_Internal.h">
      <Filter>Header Files</Filter>
    </ClInclude>
    <ClInclude Include="PolygenMesh.h">
      <Filter>Header Files</Filter>
    </ClInclude>
    <ClInclude Include="QMeshCluster.h">
      <Filter>Header Files</Filter>
    </ClInclude>
    <ClInclude Include="QMeshEdge.h">
      <Filter>Header Files</Filter>
    </ClInclude>
    <ClInclude Include="QMeshFace.h">
      <Filter>Header Files</Filter>
    </ClInclude>
    <ClInclude Include="QMeshNode.h">
      <Filter>Header Files</Filter>
    </ClInclude>
    <ClInclude Include="QMeshPatch.h">
      <Filter>Header Files</Filter>
    </ClInclude>
    <ClInclude Include="QMeshTetra.h">
      <Filter>Header Files</Filter>
    </ClInclude>
    <ClInclude Include="..\ThirdPartyDependence\PQPLib\RectDist.h">
      <Filter>Header Files</Filter>
    </ClInclude>
    <ClInclude Include="..\ThirdPartyDependence\PQPLib\Tri.h">
      <Filter>Header Files</Filter>
    </ClInclude>
    <ClInclude Include="..\ThirdPartyDependence\PQPLib\TriDist.h">
      <Filter>Header Files</Filter>
    </ClInclude>
    <ClInclude Include="..\ThirdPartyDependence\QHullLib\geom.h">
      <Filter>Header Files</Filter>
    </ClInclude>
    <ClInclude Include="..\ThirdPartyDependence\QHullLib\io.h">
      <Filter>Header Files</Filter>
    </ClInclude>
    <ClInclude Include="..\ThirdPartyDependence\QHullLib\mem.h">
      <Filter>Header Files</Filter>
    </ClInclude>
    <ClInclude Include="..\ThirdPartyDependence\QHullLib\merge.h">
      <Filter>Header Files</Filter>
    </ClInclude>
    <ClInclude Include="..\ThirdPartyDependence\QHullLib\poly.h">
      <Filter>Header Files</Filter>
    </ClInclude>
    <ClInclude Include="..\ThirdPartyDependence\QHullLib\qhull.h">
      <Filter>Header Files</Filter>
    </ClInclude>
    <ClInclude Include="..\ThirdPartyDependence\QHullLib\qhull_a.h">
      <Filter>Header Files</Filter>
    </ClInclude>
    <ClInclude Include="..\ThirdPartyDependence\QHullLib\qset.h">
      <Filter>Header Files</Filter>
    </ClInclude>
    <ClInclude Include="..\ThirdPartyDependence\QHullLib\stat.h">
      <Filter>Header Files</Filter>
    </ClInclude>
    <ClInclude Include="..\ThirdPartyDependence\QHullLib\user.h">
      <Filter>Header Files</Filter>
    </ClInclude>
  </ItemGroup>
  <ItemGroup>
    <CustomBuild Include="GeneratedFiles\moc_predefs.h.cbt">
      <Filter>Generated Files</Filter>
    </CustomBuild>
  </ItemGroup>
</Project>