<?xml version="1.0" encoding="utf-8"?>
<Project xmlns="http://schemas.microsoft.com/developer/msbuild/2003">
  <ItemGroup>
    <Filter Include="Generated Files">
      <UniqueIdentifier>{71ED8ED8-ACB9-4CE9-BBE1-E00B30144E11}</UniqueIdentifier>
      <Extensions>cpp;c;cxx;moc;h;def;odl;idl;res;</Extensions>
    </Filter>
    <Filter Include="Generated Files">
      <UniqueIdentifier>{71ED8ED8-ACB9-4CE9-BBE1-E00B30144E11}</UniqueIdentifier>
      <Extensions>cpp;c;cxx;moc;h;def;odl;idl;res;</Extensions>
    </Filter>
    <Filter Include="Header Files">
      <UniqueIdentifier>{93995380-89BD-4b04-88EB-625FBE52EBFB}</UniqueIdentifier>
      <Extensions>h;hpp;hxx;hm;inl;inc;xsd</Extensions>
    </Filter>
    <Filter Include="Header Files">
      <UniqueIdentifier>{93995380-89BD-4b04-88EB-625FBE52EBFB}</UniqueIdentifier>
      <Extensions>h;hpp;hxx;hm;inl;inc;xsd</Extensions>
    </Filter>
    <Filter Include="Source Files">
      <UniqueIdentifier>{4FC737F1-C7A5-4376-A066-2A32D752A2FF}</UniqueIdentifier>
      <Extensions>cpp;c;cxx;def;odl;idl;hpj;bat;asm;asmx</Extensions>
    </Filter>
    <Filter Include="Source Files">
      <UniqueIdentifier>{4FC737F1-C7A5-4376-A066-2A32D752A2FF}</UniqueIdentifier>
      <Extensions>cpp;c;cxx;def;odl;idl;hpj;bat;asm;asmx</Extensions>
    </Filter>
  </ItemGroup>
  <ItemGroup>
    <ClCompile Include="GLKGeometry.cpp">
      <Filter>Source Files</Filter>
    </ClCompile>
    <ClCompile Include="GLKGraph.cpp">
      <Filter>Source Files</Filter>
    </ClCompile>
    <ClCompile Include="GLKHeap.cpp">
      <Filter>Source Files</Filter>
    </ClCompile>
    <ClCompile Include="GLKLib.cpp">
      <Filter>Source Files</Filter>
    </ClCompile>
    <ClCompile Include="GLKMatrixLib.cpp">
      <Filter>Source Files</Filter>
    </ClCompile>
    <ClCompile Include="GLKNearestNeighbor.cpp">
      <Filter>Source Files</Filter>
    </ClCompile>
    <ClCompile Include="GLKObList.cpp">
      <Filter>Source Files</Filter>
    </ClCompile>
    <ClCompile Include="GLKRational.cpp">
      <Filter>Source Files</Filter>
    </ClCompile>
    <ClCompile Include="GLKSparseMatrix.cpp">
      <Filter>Source Files</Filter>
    </ClCompile>
    <ClCompile Include="GLKSparseMatrixDirectSolver.cpp">
      <Filter>Source Files</Filter>
    </ClCompile>
    <ClCompile Include="GLKSparseMatrixIterativeSolver.cpp">
      <Filter>Source Files</Filter>
    </ClCompile>
    <ClCompile Include="InteractiveTool.cpp">
      <Filter>Source Files</Filter>
    </ClCompile>
    <ClCompile Include="stdafx.cpp">
      <Filter>Source Files</Filter>
    </ClCompile>
  </ItemGroup>
  <ItemGroup>
    <ClInclude Include="GLKCameraTool.h">
      <Filter>Header Files</Filter>
    </ClInclude>
    <ClInclude Include="GLKGLList.h">
      <Filter>Header Files</Filter>
    </ClInclude>
    <ClInclude Include="GLKGeometry.h">
      <Filter>Header Files</Filter>
    </ClInclude>
    <ClInclude Include="GLKGraph.h">
      <Filter>Header Files</Filter>
    </ClInclude>
    <ClInclude Include="GLKHeap.h">
      <Filter>Header Files</Filter>
    </ClInclude>
    <QtMoc Include="GLKLib.h">
      <Filter>Header Files</Filter>
    </QtMoc>
    <ClInclude Include="GLKMatrixLib.h">
      <Filter>Header Files</Filter>
    </ClInclude>
    <ClInclude Include="GLKNearestNeighbor.h">
      <Filter>Header Files</Filter>
    </ClInclude>
    <ClInclude Include="GLKObList.h">
      <Filter>Header Files</Filter>
    </ClInclude>
    <ClInclude Include="GLKRational.h">
      <Filter>Header Files</Filter>
    </ClInclude>
    <ClInclude Include="GLKSparseMatrix.h">
      <Filter>Header Files</Filter>
    </ClInclude>
    <ClInclude Include="GLKSparseMatrixDirectSolver.h">
      <Filter>Header Files</Filter>
    </ClInclude>
    <ClInclude Include="GLKSparseMatrixIterativeSolver.h">
      <Filter>Header Files</Filter>
    </ClInclude>
    <ClInclude Include="InteractiveTool.h">
      <Filter>Header Files</Filter>
    </ClInclude>
    <ClInclude Include="stdafx.h">
      <Filter>Header Files</Filter>
    </ClInclude>
  </ItemGroup>
  <ItemGroup>
    
    
    <CustomBuild Include="debug\moc_predefs.h.cbt">
      <Filter>Generated Files</Filter>
    </CustomBuild>
    <CustomBuild Include="release\moc_predefs.h.cbt">
      <Filter>Generated Files</Filter>
    </CustomBuild>
  </ItemGroup>
  <ItemGroup>
    <ResourceCompile Include="GLKLib.rc" />
  </ItemGroup>
</Project>